{
  "nodes": {
    "home-manager": {
      "inputs": {
        "nixpkgs": [
          "nixpkgs"
        ]
      },
      "locked": {
        "lastModified": 1791293500,
        "narHash": "sha256-3hwJd2/vG/VYV1P/g7oDgdbNsWODhN5F//Od+hPMm2k=",
        "owner": "nix-community",
        "repo": "home-manager",
        "rev": "0e11b7bcba1d74ef8ea10bfdfb1e1a5811a21087",
        "type": "github"
      },
      "original": {
        "owner": "nix-community",
        "repo": "home-manager",
        "type": "github"
      }
    },
    "millennium": {
      "inputs": {
        "millennium-src": "millennium-src",
        "nixpkgs": "nixpkgs",
        "nixpkgs-bun": "nixpkgs-bun"
      },
      "locked": {
        "dir": "packages/nix",
        "lastModified": 1791044936,
        "narHash": "sha256-+mNY2lHscvVa4KntAxuRMMFYMYxju06avIKyHooM8EE=",
        "owner": "SteamClientHomebrew",
        "repo": "Millennium",
        "rev": "63c3928f0306edd83122c0f5b085a9b1a3d60f55",
        "type": "github"
      },
      "original": {
        "dir": "packages/nix",
        "owner": "SteamClientHomebrew",
        "repo": "Millennium",
        "type": "github"
      }
    },
    "millennium-src": {
      "flake": false,
      "locked": {
        "lastModified": 1790436335,
        "narHash": "sha256-ghYUa4gPLV/VOflM2zkl/gtdwLWHQpRxG4boQoj4yKM=",
        "owner": "SteamClientHomebrew",
        "repo": "Millennium",
        "rev": "765aa8802f8a4d942ad8ac8323a9e0f233a50fa8",
        "type": "github"
      },
      "original": {
        "owner": "SteamClientHomebrew",
        "repo": "Millennium",
        "rev": "765aa8802f8a4d942ad8ac8323a9e0f233a50fa8",
        "type": "github"
      }
    },
    "niri-nix": {
      "inputs": {
        "niri-unstable": "niri-unstable",
        "nixpkgs": [
          "nixpkgs"
        ],
        "xwayland-satellite-unstable": "xwayland-satellite-unstable"
      },
      "locked": {
        "lastModified": 1790381013,
        "narHash": "sha256-vE1BM9nWfusQ437QX9beTLhs5S2zAvdlmnrT9XYbacs=",
        "ref": "refs/heads/main",
        "rev": "926ca86fab82738fd1461b022ee11b4d61b9bf2e",
        "revCount": 200,
        "type": "git",
        "url": "https://codeberg.org/BANanaD3V/niri-nix"
      },
      "original": {
        "type": "git",
        "url": "https://codeberg.org/BANanaD3V/niri-nix"
      }
    },
    "niri-unstable": {
      "flake": false,
      "locked": {
        "lastModified": 1790353586,
        "narHash": "sha256-oEvDG8PTqiy6lvKKWj9D+XZyPzYcl4rm5Qs7qKR0pSk=",
        "owner": "YaLTeR",
        "repo": "niri",
        "rev": "1f03391ea644c2a43597de7f637269e26d1e1b49",
        "type": "github"
      },
      "original": {
        "owner": "YaLTeR",
        "repo": "niri",
        "type": "github"
      }
    },
    "nixpkgs": {
      "locked": {
        "lastModified": 1790769526,
        "narHash": "sha256-6j4yqqBUvIbBn29k0y/2jqlv/YJd8CRkTBYhfm5Z/8c=",
        "rev": "c9fe7d12cd78d1adcd12dd15e24432dde5b155a0",
        "type": "tarball",
        "url": "https://releases.nixos.org/nixpkgs/nixpkgs-26.11pre1082837.c9fe7d12cd78/nixexprs.tar.zst?lastModified=1790769526&rev=c9fe7d12cd78d1adcd12dd15e24432dde5b155a0"
      },
      "original": {
        "type": "tarball",
        "url": "https://channels.nixos.org/nixpkgs-unstable/nixexprs.tar.zst"
      }
    },
    "nixpkgs-bun": {
      "locked": {
        "lastModified": 1790822859,
        "narHash": "sha256-69xHQhAeMAD2wDXO7T2pcOZIF9Sga2W+JkmY2a11Ops=",
        "owner": "nixos",
        "repo": "nixpkgs",
        "rev": "c59305bab2065cfecc4944690d9eedbb56f3a9fa",
        "type": "github"
      },
      "original": {
        "owner": "nixos",
        "repo": "nixpkgs",
        "rev": "c59305bab2065cfecc4944690d9eedbb56f3a9fa",
        "type": "github"
      }
    },
    "nixpkgs_2": {
      "locked": {
        "lastModified": 1791260994,
        "narHash": "sha256-Miqqk/ammqnTUxaoCyvtwoPeLbI1ksFyLxi/CazZpWY=",
        "owner": "nixos",
        "repo": "nixpkgs",
        "rev": "151fa4e8ddfdd8dd25d945ad94ed54a13de9f6e4",
        "type": "github"
      },
      "original": {
        "owner": "nixos",
        "ref": "nixos-unstable",
        "repo": "nixpkgs",
        "type": "github"
      }
    },
    "noctalia": {
      "inputs": {
        "nixpkgs": [
          "nixpkgs"
        ]
      },
      "locked": {
        "lastModified": 1791249451,
        "narHash": "sha256-ucUgpRWCvXd17/29C1rPYliLTz8mdNeOvsSGdtBGMAY=",
        "owner": "noctalia-dev",
        "repo": "noctalia",
        "rev": "4237bc286bb9db7fec8ba663bfc42779af9b1372",
        "type": "github"
      },
      "original": {
        "owner": "noctalia-dev",
        "repo": "noctalia",
        "type": "github"
      }
    },
    "noctalia-greeter": {
      "inputs": {
        "nixpkgs": [
          "nixpkgs"
        ]
      },
      "locked": {
        "lastModified": 1791192412,
        "narHash": "sha256-BEN4jS8gSBqAgVrx8qh5ezgHVPo80Q4sEMc6hG0nqM0=",
        "owner": "noctalia-dev",
        "repo": "noctalia-greeter",
        "rev": "08c045a684739ba1a52ade040c6a5f08e25f5d27",
        "type": "github"
      },
      "original": {
        "owner": "noctalia-dev",
        "repo": "noctalia-greeter",
        "type": "github"
      }
    },
    "root": {
      "inputs": {
        "home-manager": "home-manager",
        "millennium": "millennium",
        "niri-nix": "niri-nix",
        "nixpkgs": "nixpkgs_2",
        "noctalia": "noctalia",
        "noctalia-greeter": "noctalia-greeter",
        "spicetify-nix": "spicetify-nix",
        "umbriel": "umbriel",
        "zen-browser": "zen-browser"
      }
    },
    "spicetify-nix": {
      "inputs": {
        "nixpkgs": [
          "nixpkgs"
        ],
        "systems": "systems"
      },
      "locked": {
        "lastModified": 1791109926,
        "narHash": "sha256-N4ZWEoceF9U+np24Pzi8OjJwqjoe36zHUR31pEhUKng=",
        "owner": "Gerg-L",
        "repo": "spicetify-nix",
        "rev": "32d97b6b3c3401e5d0e474c82e764f8f9bf35b86",
        "type": "github"
      },
      "original": {
        "owner": "Gerg-L",
        "repo": "spicetify-nix",
        "type": "github"
      }
    },
    "systems": {
      "locked": {
        "lastModified": 1681028828,
        "narHash": "sha256-Vy1rq5AaRuLzOxct8nz4T6wlgyUR7zLU309k9mBC768=",
        "owner": "nix-systems",
        "repo": "default",
        "rev": "da67096a3b9bf56a91d16901293e51ba5b49a27e",
        "type": "github"
      },
      "original": {
        "owner": "nix-systems",
        "repo": "default",
        "type": "github"
      }
    },
    "umbriel": {
      "inputs": {
        "nixpkgs": [
          "nixpkgs"
        ],
        "xdg-desktop-portal-umbriel": "xdg-desktop-portal-umbriel"
      },
      "locked": {
        "lastModified": 1791300255,
        "narHash": "sha256-raWYnag6ZOckmzgMNIYoqdZQ1IBY00jl3jDN/hV1UC8=",
        "owner": "noctalia-dev",
        "repo": "umbriel",
        "rev": "dd05699a18f0b19dde0e39429dfa1cd0c7989b89",
        "type": "github"
      },
      "original": {
        "owner": "noctalia-dev",
        "repo": "umbriel",
        "type": "github"
      }
    },
    "xdg-desktop-portal-umbriel": {
      "inputs": {
        "nixpkgs": [
          "umbriel",
          "nixpkgs"
        ]
      },
      "locked": {
        "lastModified": 1790459405,
        "narHash": "sha256-xDnu9icpormkETOo8Vn2Qr7Jkrz9ZqRf/jOhqADeeyg=",
        "owner": "noctalia-dev",
        "repo": "xdg-desktop-portal-umbriel",
        "rev": "d6bd72cabd83e3084fb2f2e24898d8ffa4a8c24f",
        "type": "github"
      },
      "original": {
        "owner": "noctalia-dev",
        "repo": "xdg-desktop-portal-umbriel",
        "type": "github"
      }
    },
    "xwayland-satellite-unstable": {
      "flake": false,
      "locked": {
        "lastModified": 1790341322,
        "narHash": "sha256-FBRBINpTMhkhVm9irSqeWKmI8/QMyXcTRxHeCMVvxdc=",
        "owner": "Supreeeme",
        "repo": "xwayland-satellite",
        "rev": "63cdf17f17b4ee231ef862690048549f218e8e0e",
        "type": "github"
      },
      "original": {
        "owner": "Supreeeme",
        "repo": "xwayland-satellite",
        "type": "github"
      }
    },
    "zen-browser": {
      "inputs": {
        "home-manager": [
          "home-manager"
        ],
        "nixpkgs": [
          "nixpkgs"
        ]
      },
      "locked": {
        "lastModified": 1791266850,
        "narHash": "sha256-F/scdmE9Y03TfSQWrBHaJWTRTr3rRQBqvJSDgF48g1c=",
        "owner": "0xc000022070",
        "repo": "zen-browser-flake",
        "rev": "d9e4e25d6ade5d541074045d332d887c044e11f5",
        "type": "github"
      },
      "original": {
        "owner": "0xc000022070",
        "repo": "zen-browser-flake",
        "type": "github"
      }
    }
  },
  "root": "root",
  "version": 7
}
